
Microsoft Visual Studio Solution File, Format Version 12.00
# Visual Studio Version 16
VisualStudioVersion = 16.0.32106.194
MinimumVisualStudioVersion = 10.0.40219.1
Project("{9A19103F-16F7-4668-BE54-9A1E7A4F7556}") = "NUnit Test Sample", "NUint Test Sample\NUnit Test Sample.csproj", "{5964FE7A-0B54-4CAC-B987-542AECF84D54}"
EndProject
Project("{FAE04EC0-301F-11D3-BF4B-00C04F79EFBC}") = "NUnit Test Project", "NUnit Test Project\NUnit Test Project.csproj", "{58E6A357-1A53-4719-9484-2A516B820BB5}"
EndProject
Global
	GlobalSection(SolutionConfigurationPlatforms) = preSolution
		Debug|Any CPU = Debug|Any CPU
		Release|Any CPU = Release|Any CPU
	EndGlobalSection
	GlobalSection(ProjectConfigurationPlatforms) = postSolution
		{5964FE7A-0B54-4CAC-B987-542AECF84D54}.Debug|Any CPU.ActiveCfg = Debug|Any CPU
		{5964FE7A-0B54-4CAC-B987-542AECF84D54}.Debug|Any CPU.Build.0 = Debug|Any CPU
		{5964FE7A-0B54-4CAC-B987-542AECF84D54}.Release|Any CPU.ActiveCfg = Release|Any CPU
		{5964FE7A-0B54-4CAC-B987-542AECF84D54}.Release|Any CPU.Build.0 = Release|Any CPU
		{58E6A357-1A53-4719-9484-2A516B820BB5}.Debug|Any CPU.ActiveCfg = Debug|Any CPU
		{58E6A357-1A53-4719-9484-2A516B820BB5}.Debug|Any CPU.Build.0 = Debug|Any CPU
		{58E6A357-1A53-4719-9484-2A516B820BB5}.Release|Any CPU.ActiveCfg = Release|Any CPU
		{58E6A357-1A53-4719-9484-2A516B820BB5}.Release|Any CPU.Build.0 = Release|Any CPU
	EndGlobalSection
	GlobalSection(SolutionProperties) = preSolution
		HideSolutionNode = FALSE
	EndGlobalSection
	GlobalSection(ExtensibilityGlobals) = postSolution
		SolutionGuid = {EEA50AA6-AF97-4D5A-A735-B4D0C9F7FE00}
	EndGlobalSection
EndGlobal
